// !$*UTF8*$!
{
	archiveVersion = 1;
	classes = {
	};
	objectVersion = 50;
	objects = {

/* Begin PBXBuildFile section */
		7A2A67CC22C2CCB50089BE3B /* GradientView.swift in Sources */ = {isa = PBXBuildFile; fileRef = 7A2A67CB22C2CCB40089BE3B /* GradientView.swift */; };
		F8A3FE1A2295508700FD2475 /* AppDelegate.swift in Sources */ = {isa = PBXBuildFile; fileRef = F8A3FE192295508700FD2475 /* AppDelegate.swift */; };
		F8A3FE1C2295508700FD2475 /* ViewController.swift in Sources */ = {isa = PBXBuildFile; fileRef = F8A3FE1B2295508700FD2475 /* ViewController.swift */; };
		F8A3FE1F2295508700FD2475 /* Main.storyboard in Resources */ = {isa = PBXBuildFile; fileRef = F8A3FE1D2295508700FD2475 /* Main.storyboard */; };
		F8A3FE222295508700FD2475 /* PartyUp.xcdatamodeld in Sources */ = {isa = PBXBuildFile; fileRef = F8A3FE202295508700FD2475 /* PartyUp.xcdatamodeld */; };
		F8A3FE242295508800FD2475 /* Assets.xcassets in Resources */ = {isa = PBXBuildFile; fileRef = F8A3FE232295508800FD2475 /* Assets.xcassets */; };
		F8A3FE272295508800FD2475 /* LaunchScreen.storyboard in Resources */ = {isa = PBXBuildFile; fileRef = F8A3FE252295508800FD2475 /* LaunchScreen.storyboard */; };
		F8A3FE322295508800FD2475 /* PartyUpTests.swift in Sources */ = {isa = PBXBuildFile; fileRef = F8A3FE312295508800FD2475 /* PartyUpTests.swift */; };
		F8A3FE3D22958F1600FD2475 /* EventCell.swift in Sources */ = {isa = PBXBuildFile; fileRef = F8A3FE3C22958F1600FD2475 /* EventCell.swift */; };
		F8A3FE3F22959BAA00FD2475 /* imp.jpg in Resources */ = {isa = PBXBuildFile; fileRef = F8A3FE3E22959BAA00FD2475 /* imp.jpg */; };
		F8D28C3E22C27E4E00143A4B /* event1.jpg in Resources */ = {isa = PBXBuildFile; fileRef = F8D28C3D22C27E4E00143A4B /* event1.jpg */; };
		F8DCE81722C29B3500410CAB /* EventViewController.swift in Sources */ = {isa = PBXBuildFile; fileRef = F8DCE81622C29B3500410CAB /* EventViewController.swift */; };
/* End PBXBuildFile section */

/* Begin PBXContainerItemProxy section */
		F8A3FE2E2295508800FD2475 /* PBXContainerItemProxy */ = {
			isa = PBXContainerItemProxy;
			containerPortal = F8A3FE0E2295508700FD2475 /* Project object */;
			proxyType = 1;
			remoteGlobalIDString = F8A3FE152295508700FD2475;
			remoteInfo = PartyUp;
		};
/* End PBXContainerItemProxy section */

/* Begin PBXFileReference section */
		7A2A67CB22C2CCB40089BE3B /* GradientView.swift */ = {isa = PBXFileReference; fileEncoding = 4; lastKnownFileType = sourcecode.swift; path = GradientView.swift; sourceTree = "<group>"; };
		F8A3FE162295508700FD2475 /* PartyUp.app */ = {isa = PBXFileReference; explicitFileType = wrapper.application; includeInIndex = 0; path = PartyUp.app; sourceTree = BUILT_PRODUCTS_DIR; };
		F8A3FE192295508700FD2475 /* AppDelegate.swift */ = {isa = PBXFileReference; lastKnownFileType = sourcecode.swift; path = AppDelegate.swift; sourceTree = "<group>"; };
		F8A3FE1B2295508700FD2475 /* ViewController.swift */ = {isa = PBXFileReference; lastKnownFileType = sourcecode.swift; path = ViewController.swift; sourceTree = "<group>"; };
		F8A3FE1E2295508700FD2475 /* Base */ = {isa = PBXFileReference; lastKnownFileType = file.storyboard; name = Base; path = Base.lproj/Main.storyboard; sourceTree = "<group>"; };
		F8A3FE212295508700FD2475 /* PartyUp.xcdatamodel */ = {isa = PBXFileReference; lastKnownFileType = wrapper.xcdatamodel; path = PartyUp.xcdatamodel; sourceTree = "<group>"; };
		F8A3FE232295508800FD2475 /* Assets.xcassets */ = {isa = PBXFileReference; lastKnownFileType = folder.assetcatalog; path = Assets.xcassets; sourceTree = "<group>"; };
		F8A3FE262295508800FD2475 /* Base */ = {isa = PBXFileReference; lastKnownFileType = file.storyboard; name = Base; path = Base.lproj/LaunchScreen.storyboard; sourceTree = "<group>"; };
		F8A3FE282295508800FD2475 /* Info.plist */ = {isa = PBXFileReference; lastKnownFileType = text.plist.xml; path = Info.plist; sourceTree = "<group>"; };
		F8A3FE2D2295508800FD2475 /* PartyUpTests.xctest */ = {isa = PBXFileReference; explicitFileType = wrapper.cfbundle; includeInIndex = 0; path = PartyUpTests.xctest; sourceTree = BUILT_PRODUCTS_DIR; };
		F8A3FE312295508800FD2475 /* PartyUpTests.swift */ = {isa = PBXFileReference; lastKnownFileType = sourcecode.swift; path = PartyUpTests.swift; sourceTree = "<group>"; };
		F8A3FE332295508800FD2475 /* Info.plist */ = {isa = PBXFileReference; lastKnownFileType = text.plist.xml; path = Info.plist; sourceTree = "<group>"; };
		F8A3FE3C22958F1600FD2475 /* EventCell.swift */ = {isa = PBXFileReference; lastKnownFileType = sourcecode.swift; path = EventCell.swift; sourceTree = "<group>"; };
		F8A3FE3E22959BAA00FD2475 /* imp.jpg */ = {isa = PBXFileReference; lastKnownFileType = image.jpeg; path = imp.jpg; sourceTree = "<group>"; };
		F8D28C3D22C27E4E00143A4B /* event1.jpg */ = {isa = PBXFileReference; lastKnownFileType = image.jpeg; path = event1.jpg; sourceTree = "<group>"; };
		F8DCE81622C29B3500410CAB /* EventViewController.swift */ = {isa = PBXFileReference; lastKnownFileType = sourcecode.swift; path = EventViewController.swift; sourceTree = "<group>"; };
/* End PBXFileReference section */

/* Begin PBXFrameworksBuildPhase section */
		F8A3FE132295508700FD2475 /* Frameworks */ = {
			isa = PBXFrameworksBuildPhase;
			buildActionMask = 2147483647;
			files = (
			);
			runOnlyForDeploymentPostprocessing = 0;
		};
		F8A3FE2A2295508800FD2475 /* Frameworks */ = {
			isa = PBXFrameworksBuildPhase;
			buildActionMask = 2147483647;
			files = (
			);
			runOnlyForDeploymentPostprocessing = 0;
		};
/* End PBXFrameworksBuildPhase section */

/* Begin PBXGroup section */
		F8A3FE0D2295508700FD2475 = {
			isa = PBXGroup;
			children = (
				F8A3FE182295508700FD2475 /* PartyUp */,
				F8A3FE302295508800FD2475 /* PartyUpTests */,
				F8A3FE172295508700FD2475 /* Products */,
			);
			sourceTree = "<group>";
		};
		F8A3FE172295508700FD2475 /* Products */ = {
			isa = PBXGroup;
			children = (
				F8A3FE162295508700FD2475 /* PartyUp.app */,
				F8A3FE2D2295508800FD2475 /* PartyUpTests.xctest */,
			);
			name = Products;
			sourceTree = "<group>";
		};
		F8A3FE182295508700FD2475 /* PartyUp */ = {
			isa = PBXGroup;
			children = (
				F8D28C3D22C27E4E00143A4B /* event1.jpg */,
				F8A3FE3E22959BAA00FD2475 /* imp.jpg */,
				7A2A67CB22C2CCB40089BE3B /* GradientView.swift */,
				F8A3FE192295508700FD2475 /* AppDelegate.swift */,
				F8A3FE1B2295508700FD2475 /* ViewController.swift */,
				F8A3FE1D2295508700FD2475 /* Main.storyboard */,
				F8DCE81622C29B3500410CAB /* EventViewController.swift */,
				F8A3FE3C22958F1600FD2475 /* EventCell.swift */,
				F8A3FE232295508800FD2475 /* Assets.xcassets */,
				F8A3FE252295508800FD2475 /* LaunchScreen.storyboard */,
				F8A3FE282295508800FD2475 /* Info.plist */,
				F8A3FE202295508700FD2475 /* PartyUp.xcdatamodeld */,
			);
			path = PartyUp;
			sourceTree = "<group>";
		};
		F8A3FE302295508800FD2475 /* PartyUpTests */ = {
			isa = PBXGroup;
			children = (
				F8A3FE312295508800FD2475 /* PartyUpTests.swift */,
				F8A3FE332295508800FD2475 /* Info.plist */,
			);
			path = PartyUpTests;
			sourceTree = "<group>";
		};
/* End PBXGroup section */

/* Begin PBXNativeTarget section */
		F8A3FE152295508700FD2475 /* PartyUp */ = {
			isa = PBXNativeTarget;
			buildConfigurationList = F8A3FE362295508800FD2475 /* Build configuration list for PBXNativeTarget "PartyUp" */;
			buildPhases = (
				F8A3FE122295508700FD2475 /* Sources */,
				F8A3FE132295508700FD2475 /* Frameworks */,
				F8A3FE142295508700FD2475 /* Resources */,
			);
			buildRules = (
			);
			dependencies = (
			);
			name = PartyUp;
			productName = PartyUp;
			productReference = F8A3FE162295508700FD2475 /* PartyUp.app */;
			productType = "com.apple.product-type.application";
		};
		F8A3FE2C2295508800FD2475 /* PartyUpTests */ = {
			isa = PBXNativeTarget;
			buildConfigurationList = F8A3FE392295508800FD2475 /* Build configuration list for PBXNativeTarget "PartyUpTests" */;
			buildPhases = (
				F8A3FE292295508800FD2475 /* Sources */,
				F8A3FE2A2295508800FD2475 /* Frameworks */,
				F8A3FE2B2295508800FD2475 /* Resources */,
			);
			buildRules = (
			);
			dependencies = (
				F8A3FE2F2295508800FD2475 /* PBXTargetDependency */,
			);
			name = PartyUpTests;
			productName = PartyUpTests;
			productReference = F8A3FE2D2295508800FD2475 /* PartyUpTests.xctest */;
			productType = "com.apple.product-type.bundle.unit-test";
		};
/* End PBXNativeTarget section */

/* Begin PBXProject section */
		F8A3FE0E2295508700FD2475 /* Project object */ = {
			isa = PBXProject;
			attributes = {
				LastSwiftUpdateCheck = 1020;
				LastUpgradeCheck = 1020;
				ORGANIZATIONNAME = roli;
				TargetAttributes = {
					F8A3FE152295508700FD2475 = {
						CreatedOnToolsVersion = 10.2.1;
					};
					F8A3FE2C2295508800FD2475 = {
						CreatedOnToolsVersion = 10.2.1;
						TestTargetID = F8A3FE152295508700FD2475;
					};
				};
			};
			buildConfigurationList = F8A3FE112295508700FD2475 /* Build configuration list for PBXProject "PartyUp" */;
			compatibilityVersion = "Xcode 9.3";
			developmentRegion = en;
			hasScannedForEncodings = 0;
			knownRegions = (
				en,
				Base,
			);
			mainGroup = F8A3FE0D2295508700FD2475;
			productRefGroup = F8A3FE172295508700FD2475 /* Products */;
			projectDirPath = "";
			projectRoot = "";
			targets = (
				F8A3FE152295508700FD2475 /* PartyUp */,
				F8A3FE2C2295508800FD2475 /* PartyUpTests */,
			);
		};
/* End PBXProject section */

/* Begin PBXResourcesBuildPhase section */
		F8A3FE142295508700FD2475 /* Resources */ = {
			isa = PBXResourcesBuildPhase;
			buildActionMask = 2147483647;
			files = (
				F8D28C3E22C27E4E00143A4B /* event1.jpg in Resources */,
				F8A3FE3F22959BAA00FD2475 /* imp.jpg in Resources */,
				F8A3FE272295508800FD2475 /* LaunchScreen.storyboard in Resources */,
				F8A3FE242295508800FD2475 /* Assets.xcassets in Resources */,
				F8A3FE1F2295508700FD2475 /* Main.storyboard in Resources */,
			);
			runOnlyForDeploymentPostprocessing = 0;
		};
		F8A3FE2B2295508800FD2475 /* Resources */ = {
			isa = PBXResourcesBuildPhase;
			buildActionMask = 2147483647;
			files = (
			);
			runOnlyForDeploymentPostprocessing = 0;
		};
/* End PBXResourcesBuildPhase section */

/* Begin PBXSourcesBuildPhase section */
		F8A3FE122295508700FD2475 /* Sources */ = {
			isa = PBXSourcesBuildPhase;
			buildActionMask = 2147483647;
			files = (
				F8DCE81722C29B3500410CAB /* EventViewController.swift in Sources */,
				F8A3FE3D22958F1600FD2475 /* EventCell.swift in Sources */,
				7A2A67CC22C2CCB50089BE3B /* GradientView.swift in Sources */,
				F8A3FE1C2295508700FD2475 /* ViewController.swift in Sources */,
				F8A3FE222295508700FD2475 /* PartyUp.xcdatamodeld in Sources */,
				F8A3FE1A2295508700FD2475 /* AppDelegate.swift in Sources */,
			);
			runOnlyForDeploymentPostprocessing = 0;
		};
		F8A3FE292295508800FD2475 /* Sources */ = {
			isa = PBXSourcesBuildPhase;
			buildActionMask = 2147483647;
			files = (
				F8A3FE322295508800FD2475 /* PartyUpTests.swift in Sources */,
			);
			runOnlyForDeploymentPostprocessing = 0;
		};
/* End PBXSourcesBuildPhase section */

/* Begin PBXTargetDependency section */
		F8A3FE2F2295508800FD2475 /* PBXTargetDependency */ = {
			isa = PBXTargetDependency;
			target = F8A3FE152295508700FD2475 /* PartyUp */;
			targetProxy = F8A3FE2E2295508800FD2475 /* PBXContainerItemProxy */;
		};
/* End PBXTargetDependency section */

/* Begin PBXVariantGroup section */
		F8A3FE1D2295508700FD2475 /* Main.storyboard */ = {
			isa = PBXVariantGroup;
			children = (
				F8A3FE1E2295508700FD2475 /* Base */,
			);
			name = Main.storyboard;
			sourceTree = "<group>";
		};
		F8A3FE252295508800FD2475 /* LaunchScreen.storyboard */ = {
			isa = PBXVariantGroup;
			children = (
				F8A3FE262295508800FD2475 /* Base */,
			);
			name = LaunchScreen.storyboard;
			sourceTree = "<group>";
		};
/* End PBXVariantGroup section */

/* Begin XCBuildConfiguration section */
		F8A3FE342295508800FD2475 /* Debug */ = {
			isa = XCBuildConfiguration;
			buildSettings = {
				ALWAYS_SEARCH_USER_PATHS = NO;
				CLANG_ANALYZER_NONNULL = YES;
				CLANG_ANALYZER_NUMBER_OBJECT_CONVERSION = YES_AGGRESSIVE;
				CLANG_CXX_LANGUAGE_STANDARD = "gnu++14";
				CLANG_CXX_LIBRARY = "libc++";
				CLANG_ENABLE_MODULES = YES;
				CLANG_ENABLE_OBJC_ARC = YES;
				CLANG_ENABLE_OBJC_WEAK = YES;
				CLANG_WARN_BLOCK_CAPTURE_AUTORELEASING = YES;
				CLANG_WARN_BOOL_CONVERSION = YES;
				CLANG_WARN_COMMA = YES;
				CLANG_WARN_CONSTANT_CONVERSION = YES;
				CLANG_WARN_DEPRECATED_OBJC_IMPLEMENTATIONS = YES;
				CLANG_WARN_DIRECT_OBJC_ISA_USAGE = YES_ERROR;
				CLANG_WARN_DOCUMENTATION_COMMENTS = YES;
				CLANG_WARN_EMPTY_BODY = YES;
				CLANG_WARN_ENUM_CONVERSION = YES;
				CLANG_WARN_INFINITE_RECURSION = YES;
				CLANG_WARN_INT_CONVERSION = YES;
				CLANG_WARN_NON_LITERAL_NULL_CONVERSION = YES;
				CLANG_WARN_OBJC_IMPLICIT_RETAIN_SELF = YES;
				CLANG_WARN_OBJC_LITERAL_CONVERSION = YES;
				CLANG_WARN_OBJC_ROOT_CLASS = YES_ERROR;
				CLANG_WARN_RANGE_LOOP_ANALYSIS = YES;
				CLANG_WARN_STRICT_PROTOTYPES = YES;
				CLANG_WARN_SUSPICIOUS_MOVE = YES;
				CLANG_WARN_UNGUARDED_AVAILABILITY = YES_AGGRESSIVE;
				CLANG_WARN_UNREACHABLE_CODE = YES;
				CLANG_WARN__DUPLICATE_METHOD_MATCH = YES;
				CODE_SIGN_IDENTITY = "iPhone Developer";
				COPY_PHASE_STRIP = NO;
				DEBUG_INFORMATION_FORMAT = dwarf;
				ENABLE_STRICT_OBJC_MSGSEND = YES;
				ENABLE_TESTABILITY = YES;
				GCC_C_LANGUAGE_STANDARD = gnu11;
				GCC_DYNAMIC_NO_PIC = NO;
				GCC_NO_COMMON_BLOCKS = YES;
				GCC_OPTIMIZATION_LEVEL = 0;
				GCC_PREPROCESSOR_DEFINITIONS = (
					"DEBUG=1",
					"$(inherited)",
				);
				GCC_WARN_64_TO_32_BIT_CONVERSION = YES;
				GCC_WARN_ABOUT_RETURN_TYPE = YES_ERROR;
				GCC_WARN_UNDECLARED_SELECTOR = YES;
				GCC_WARN_UNINITIALIZED_AUTOS = YES_AGGRESSIVE;
				GCC_WARN_UNUSED_FUNCTION = YES;
				GCC_WARN_UNUSED_VARIABLE = YES;
				IPHONEOS_DEPLOYMENT_TARGET = 12.2;
				MTL_ENABLE_DEBUG_INFO = INCLUDE_SOURCE;
				MTL_FAST_MATH = YES;
				ONLY_ACTIVE_ARCH = YES;
				SDKROOT = iphoneos;
				SWIFT_ACTIVE_COMPILATION_CONDITIONS = DEBUG;
				SWIFT_OPTIMIZATION_LEVEL = "-Onone";
			};
			name = Debug;
		};
		F8A3FE352295508800FD2475 /* Release */ = {
			isa = XCBuildConfiguration;
			buildSettings = {
				ALWAYS_SEARCH_USER_PATHS = NO;
				CLANG_ANALYZER_NONNULL = YES;
				CLANG_ANALYZER_NUMBER_OBJECT_CONVERSION = YES_AGGRESSIVE;
				CLANG_CXX_LANGUAGE_STANDARD = "gnu++14";
				CLANG_CXX_LIBRARY = "libc++";
				CLANG_ENABLE_MODULES = YES;
				CLANG_ENABLE_OBJC_ARC = YES;
				CLANG_ENABLE_OBJC_WEAK = YES;
				CLANG_WARN_BLOCK_CAPTURE_AUTORELEASING = YES;
				CLANG_WARN_BOOL_CONVERSION = YES;
				CLANG_WARN_COMMA = YES;
				CLANG_WARN_CONSTANT_CONVERSION = YES;
				CLANG_WARN_DEPRECATED_OBJC_IMPLEMENTATIONS = YES;
				CLANG_WARN_DIRECT_OBJC_ISA_USAGE = YES_ERROR;
				CLANG_WARN_DOCUMENTATION_COMMENTS = YES;
				CLANG_WARN_EMPTY_BODY = YES;
				CLANG_WARN_ENUM_CONVERSION = YES;
				CLANG_WARN_INFINITE_RECURSION = YES;
				CLANG_WARN_INT_CONVERSION = YES;
				CLANG_WARN_NON_LITERAL_NULL_CONVERSION = YES;
				CLANG_WARN_OBJC_IMPLICIT_RETAIN_SELF = YES;
				CLANG_WARN_OBJC_LITERAL_CONVERSION = YES;
				CLANG_WARN_OBJC_ROOT_CLASS = YES_ERROR;
				CLANG_WARN_RANGE_LOOP_ANALYSIS = YES;
				CLANG_WARN_STRICT_PROTOTYPES = YES;
				CLANG_WARN_SUSPICIOUS_MOVE = YES;
				CLANG_WARN_UNGUARDED_AVAILABILITY = YES_AGGRESSIVE;
				CLANG_WARN_UNREACHABLE_CODE = YES;
				CLANG_WARN__DUPLICATE_METHOD_MATCH = YES;
				CODE_SIGN_IDENTITY = "iPhone Developer";
				COPY_PHASE_STRIP = NO;
				DEBUG_INFORMATION_FORMAT = "dwarf-with-dsym";
				ENABLE_NS_ASSERTIONS = NO;
				ENABLE_STRICT_OBJC_MSGSEND = YES;
				GCC_C_LANGUAGE_STANDARD = gnu11;
				GCC_NO_COMMON_BLOCKS = YES;
				GCC_WARN_64_TO_32_BIT_CONVERSION = YES;
				GCC_WARN_ABOUT_RETURN_TYPE = YES_ERROR;
				GCC_WARN_UNDECLARED_SELECTOR = YES;
				GCC_WARN_UNINITIALIZED_AUTOS = YES_AGGRESSIVE;
				GCC_WARN_UNUSED_FUNCTION = YES;
				GCC_WARN_UNUSED_VARIABLE = YES;
				IPHONEOS_DEPLOYMENT_TARGET = 12.2;
				MTL_ENABLE_DEBUG_INFO = NO;
				MTL_FAST_MATH = YES;
				SDKROOT = iphoneos;
				SWIFT_COMPILATION_MODE = wholemodule;
				SWIFT_OPTIMIZATION_LEVEL = "-O";
				VALIDATE_PRODUCT = YES;
			};
			name = Release;
		};
		F8A3FE372295508800FD2475 /* Debug */ = {
			isa = XCBuildConfiguration;
			buildSettings = {
				ASSETCATALOG_COMPILER_APPICON_NAME = AppIcon;
				CODE_SIGN_STYLE = Automatic;
				DEVELOPMENT_TEAM = G9R3T4GU5H;
				INFOPLIST_FILE = PartyUp/Info.plist;
				LD_RUNPATH_SEARCH_PATHS = (
					"$(inherited)",
					"@executable_path/Frameworks",
				);
				PRODUCT_BUNDLE_IDENTIFIER = com.roli.PartyUp;
				PRODUCT_NAME = "$(TARGET_NAME)";
				SWIFT_VERSION = 5.0;
				TARGETED_DEVICE_FAMILY = "1,2";
			};
			name = Debug;
		};
		F8A3FE382295508800FD2475 /* Release */ = {
			isa = XCBuildConfiguration;
			buildSettings = {
				ASSETCATALOG_COMPILER_APPICON_NAME = AppIcon;
				CODE_SIGN_STYLE = Automatic;
				DEVELOPMENT_TEAM = G9R3T4GU5H;
				INFOPLIST_FILE = PartyUp/Info.plist;
				LD_RUNPATH_SEARCH_PATHS = (
					"$(inherited)",
					"@executable_path/Frameworks",
				);
				PRODUCT_BUNDLE_IDENTIFIER = com.roli.PartyUp;
				PRODUCT_NAME = "$(TARGET_NAME)";
				SWIFT_VERSION = 5.0;
				TARGETED_DEVICE_FAMILY = "1,2";
			};
			name = Release;
		};
		F8A3FE3A2295508800FD2475 /* Debug */ = {
			isa = XCBuildConfiguration;
			buildSettings = {
				ALWAYS_EMBED_SWIFT_STANDARD_LIBRARIES = YES;
				BUNDLE_LOADER = "$(TEST_HOST)";
				CODE_SIGN_STYLE = Automatic;
				INFOPLIST_FILE = PartyUpTests/Info.plist;
				LD_RUNPATH_SEARCH_PATHS = (
					"$(inherited)",
					"@executable_path/Frameworks",
					"@loader_path/Frameworks",
				);
				PRODUCT_BUNDLE_IDENTIFIER = com.roli.PartyUpTests;
				PRODUCT_NAME = "$(TARGET_NAME)";
				SWIFT_VERSION = 5.0;
				TARGETED_DEVICE_FAMILY = "1,2";
				TEST_HOST = "$(BUILT_PRODUCTS_DIR)/PartyUp.app/PartyUp";
			};
			name = Debug;
		};
		F8A3FE3B2295508800FD2475 /* Release */ = {
			isa = XCBuildConfiguration;
			buildSettings = {
				ALWAYS_EMBED_SWIFT_STANDARD_LIBRARIES = YES;
				BUNDLE_LOADER = "$(TEST_HOST)";
				CODE_SIGN_STYLE = Automatic;
				INFOPLIST_FILE = PartyUpTests/Info.plist;
				LD_RUNPATH_SEARCH_PATHS = (
					"$(inherited)",
					"@executable_path/Frameworks",
					"@loader_path/Frameworks",
				);
				PRODUCT_BUNDLE_IDENTIFIER = com.roli.PartyUpTests;
				PRODUCT_NAME = "$(TARGET_NAME)";
				SWIFT_VERSION = 5.0;
				TARGETED_DEVICE_FAMILY = "1,2";
				TEST_HOST = "$(BUILT_PRODUCTS_DIR)/PartyUp.app/PartyUp";
			};
			name = Release;
		};
/* End XCBuildConfiguration section */

/* Begin XCConfigurationList section */
		F8A3FE112295508700FD2475 /* Build configuration list for PBXProject "PartyUp" */ = {
			isa = XCConfigurationList;
			buildConfigurations = (
				F8A3FE342295508800FD2475 /* Debug */,
				F8A3FE352295508800FD2475 /* Release */,
			);
			defaultConfigurationIsVisible = 0;
			defaultConfigurationName = Release;
		};
		F8A3FE362295508800FD2475 /* Build configuration list for PBXNativeTarget "PartyUp" */ = {
			isa = XCConfigurationList;
			buildConfigurations = (
				F8A3FE372295508800FD2475 /* Debug */,
				F8A3FE382295508800FD2475 /* Release */,
			);
			defaultConfigurationIsVisible = 0;
			defaultConfigurationName = Release;
		};
		F8A3FE392295508800FD2475 /* Build configuration list for PBXNativeTarget "PartyUpTests" */ = {
			isa = XCConfigurationList;
			buildConfigurations = (
				F8A3FE3A2295508800FD2475 /* Debug */,
				F8A3FE3B2295508800FD2475 /* Release */,
			);
			defaultConfigurationIsVisible = 0;
			defaultConfigurationName = Release;
		};
/* End XCConfigurationList section */

/* Begin XCVersionGroup section */
		F8A3FE202295508700FD2475 /* PartyUp.xcdatamodeld */ = {
			isa = XCVersionGroup;
			children = (
				F8A3FE212295508700FD2475 /* PartyUp.xcdatamodel */,
			);
			currentVersion = F8A3FE212295508700FD2475 /* PartyUp.xcdatamodel */;
			path = PartyUp.xcdatamodeld;
			sourceTree = "<group>";
			versionGroupType = wrapper.xcdatamodel;
		};
/* End XCVersionGroup section */
	};
	rootObject = F8A3FE0E2295508700FD2475 /* Project object */;
}
